# This file is automatically @generated by Cargo.
# It is not intended for manual editing.
version = 3

[[package]]
name = "bruteforce"
version = "0.1.0"
dependencies = [
 "itertools",
 "wf-mods",
 "wf-score",
 "wf-stats",
]

[[package]]
name = "derivative"
version = "2.2.0"
source = "registry+https://github.com/rust-lang/crates.io-index"
checksum = "fcc3dd5e9e9c0b295d6e1e4d811fb6f157d5ffd784b8d202fc62eac8035a770b"
dependencies = [
 "proc-macro2",
 "quote",
 "syn 1.0.109",
]

[[package]]
name = "either"
version = "1.11.0"
source = "registry+https://github.com/rust-lang/crates.io-index"
checksum = "a47c1c47d2f5964e29c61246e81db715514cd532db6b5116a25ea3c03d6780a2"

[[package]]
name = "itertools"
version = "0.12.1"
source = "registry+https://github.com/rust-lang/crates.io-index"
checksum = "ba291022dbbd398a455acf126c1e341954079855bc60dfdda641363bd6922569"
dependencies = [
 "either",
]

[[package]]
name = "lazy_static"
version = "1.4.0"
source = "registry+https://github.com/rust-lang/crates.io-index"
checksum = "e2abad23fbc42b3700f2f279844dc832adb2b2eb069b2df918f455c4e18cc646"

[[package]]
name = "proc-macro2"
version = "1.0.82"
source = "registry+https://github.com/rust-lang/crates.io-index"
checksum = "8ad3d49ab951a01fbaafe34f2ec74122942fe18a3f9814c3268f1bb72042131b"
dependencies = [
 "unicode-ident",
]

[[package]]
name = "quote"
version = "1.0.36"
source = "registry+https://github.com/rust-lang/crates.io-index"
checksum = "0fa76aaf39101c457836aec0ce2316dbdc3ab723cdda1c6bd4e6ad4208acaca7"
dependencies = [
 "proc-macro2",
]

[[package]]
name = "single-score"
version = "0.1.0"
dependencies = [
 "itertools",
 "wf-mods",
 "wf-score",
 "wf-stats",
]

[[package]]
name = "syn"
version = "1.0.109"
source = "registry+https://github.com/rust-lang/crates.io-index"
checksum = "72b64191b275b66ffe2469e8af2c1cfe3bafa67b529ead792a6d0160888b4237"
dependencies = [
 "proc-macro2",
 "quote",
 "unicode-ident",
]

[[package]]
name = "syn"
version = "2.0.64"
source = "registry+https://github.com/rust-lang/crates.io-index"
checksum = "7ad3dee41f36859875573074334c200d1add8e4a87bb37113ebd31d926b7b11f"
dependencies = [
 "proc-macro2",
 "quote",
 "unicode-ident",
]

[[package]]
name = "unicode-ident"
version = "1.0.12"
source = "registry+https://github.com/rust-lang/crates.io-index"
checksum = "3354b9ac3fae1ff6755cb6db53683adb661634f67557942dea4facebec0fee4b"

[[package]]
name = "wf-modifier-proc-macro"
version = "0.1.0"
dependencies = [
 "proc-macro2",
 "quote",
 "syn 2.0.64",
 "wf-stats",
]

[[package]]
name = "wf-mods"
version = "0.1.0"
dependencies = [
 "lazy_static",
 "wf-modifier-proc-macro",
 "wf-stats",
]

[[package]]
name = "wf-score"
version = "0.1.0"
dependencies = [
 "wf-stats",
]

[[package]]
name = "wf-stats"
version = "0.1.0"
dependencies = [
 "derivative",
]
